{
  "name": "lab02",
  "version": "1.0.0",
  "lockfileVersion": 3,
  "requires": true,
  "packages": {
    "": {
      "name": "lab02",
      "version": "1.0.0",
      "dependencies": {
        "lab01": "file:../Lab01"
      }
    },
    "../Lab01": {
      "name": "lab01",
      "version": "1.0.0"
    },
    "node_modules/lab01": {
      "resolved": "../Lab01",
      "link": true
    }
  }
}
